
Microsoft Visual Studio Solution File, Format Version 12.00
# Visual Studio Version 17
VisualStudioVersion = 17.12.35527.113
MinimumVisualStudioVersion = 10.0.40219.1
Project("{FAE04EC0-301F-11D3-BF4B-00C04F79EFBC}") = "RealEstate", "RealEstate\RealEstate.csproj", "{DC9054EE-D35C-45D4-9F5E-841C0F229AC9}"
EndProject
Project("{FAE04EC0-301F-11D3-BF4B-00C04F79EFBC}") = "RealEstate.UI", "RealEstate.UI\RealEstate.UI.csproj", "{20386C53-2657-4922-AFAE-C5A205F8AD8F}"
EndProject
Global
	GlobalSection(SolutionConfigurationPlatforms) = preSolution
		Debug|Any CPU = Debug|Any CPU
		Release|Any CPU = Release|Any CPU
	EndGlobalSection
	GlobalSection(ProjectConfigurationPlatforms) = postSolution
		{DC9054EE-D35C-45D4-9F5E-841C0F229AC9}.Debug|Any CPU.ActiveCfg = Debug|Any CPU
		{DC9054EE-D35C-45D4-9F5E-841C0F229AC9}.Debug|Any CPU.Build.0 = Debug|Any CPU
		{DC9054EE-D35C-45D4-9F5E-841C0F229AC9}.Release|Any CPU.ActiveCfg = Release|Any CPU
		{DC9054EE-D35C-45D4-9F5E-841C0F229AC9}.Release|Any CPU.Build.0 = Release|Any CPU
		{20386C53-2657-4922-AFAE-C5A205F8AD8F}.Debug|Any CPU.ActiveCfg = Debug|Any CPU
		{20386C53-2657-4922-AFAE-C5A205F8AD8F}.Debug|Any CPU.Build.0 = Debug|Any CPU
		{20386C53-2657-4922-AFAE-C5A205F8AD8F}.Release|Any CPU.ActiveCfg = Release|Any CPU
		{20386C53-2657-4922-AFAE-C5A205F8AD8F}.Release|Any CPU.Build.0 = Release|Any CPU
	EndGlobalSection
	GlobalSection(SolutionProperties) = preSolution
		HideSolutionNode = FALSE
	EndGlobalSection
EndGlobal
